
Microsoft Visual Studio Solution File, Format Version 12.00
# Visual Studio 2012
Project("{FAE04EC0-301F-11D3-BF4B-00C04F79EFBC}") = "IntroToMobileAppDevelopment.Xamarin.Ios", "IntroToMobileAppDevelopment.Xamarin.Ios\IntroToMobileAppDevelopment.Xamarin.Ios.csproj", "{0F20F83B-BDF4-483C-81D8-CC906FA8F299}"
EndProject
Project("{FAE04EC0-301F-11D3-BF4B-00C04F79EFBC}") = "IntroToMobileAppDevelopment.Xamarin.Android", "IntroToMobileAppDevelopment.Xamarin.Android\IntroToMobileAppDevelopment.Xamarin.Android.csproj", "{2F38183E-7A29-4242-B535-A62ED599839C}"
EndProject
Project("{FAE04EC0-301F-11D3-BF4B-00C04F79EFBC}") = "IntroToMobileAppDevelopment.Xamarin.Presenters", "IntroToMobileAppDevelopment.Xamarin.Presenters\IntroToMobileAppDevelopment.Xamarin.Presenters.csproj", "{2FEAB9B1-5741-4C72-A1E5-06C2BBC01516}"
EndProject
Global
	GlobalSection(SolutionConfigurationPlatforms) = preSolution
		Debug|iPhoneSimulator = Debug|iPhoneSimulator
		Release|iPhoneSimulator = Release|iPhoneSimulator
		Debug|iPhone = Debug|iPhone
		Release|iPhone = Release|iPhone
		Ad-Hoc|iPhone = Ad-Hoc|iPhone
		AppStore|iPhone = AppStore|iPhone
	EndGlobalSection
	GlobalSection(ProjectConfigurationPlatforms) = postSolution
		{0F20F83B-BDF4-483C-81D8-CC906FA8F299}.Ad-Hoc|iPhone.ActiveCfg = Ad-Hoc|iPhone
		{0F20F83B-BDF4-483C-81D8-CC906FA8F299}.Ad-Hoc|iPhone.Build.0 = Ad-Hoc|iPhone
		{0F20F83B-BDF4-483C-81D8-CC906FA8F299}.AppStore|iPhone.ActiveCfg = AppStore|iPhone
		{0F20F83B-BDF4-483C-81D8-CC906FA8F299}.AppStore|iPhone.Build.0 = AppStore|iPhone
		{0F20F83B-BDF4-483C-81D8-CC906FA8F299}.Debug|iPhone.ActiveCfg = Debug|iPhone
		{0F20F83B-BDF4-483C-81D8-CC906FA8F299}.Debug|iPhone.Build.0 = Debug|iPhone
		{0F20F83B-BDF4-483C-81D8-CC906FA8F299}.Debug|iPhoneSimulator.ActiveCfg = Debug|iPhoneSimulator
		{0F20F83B-BDF4-483C-81D8-CC906FA8F299}.Debug|iPhoneSimulator.Build.0 = Debug|iPhoneSimulator
		{0F20F83B-BDF4-483C-81D8-CC906FA8F299}.Release|iPhone.ActiveCfg = Release|iPhone
		{0F20F83B-BDF4-483C-81D8-CC906FA8F299}.Release|iPhone.Build.0 = Release|iPhone
		{0F20F83B-BDF4-483C-81D8-CC906FA8F299}.Release|iPhoneSimulator.ActiveCfg = Release|iPhoneSimulator
		{0F20F83B-BDF4-483C-81D8-CC906FA8F299}.Release|iPhoneSimulator.Build.0 = Release|iPhoneSimulator
		{2F38183E-7A29-4242-B535-A62ED599839C}.Ad-Hoc|iPhone.ActiveCfg = Release|Any CPU
		{2F38183E-7A29-4242-B535-A62ED599839C}.Ad-Hoc|iPhone.Build.0 = Release|Any CPU
		{2F38183E-7A29-4242-B535-A62ED599839C}.AppStore|iPhone.ActiveCfg = Release|Any CPU
		{2F38183E-7A29-4242-B535-A62ED599839C}.AppStore|iPhone.Build.0 = Release|Any CPU
		{2F38183E-7A29-4242-B535-A62ED599839C}.Debug|iPhone.ActiveCfg = Debug|Any CPU
		{2F38183E-7A29-4242-B535-A62ED599839C}.Debug|iPhone.Build.0 = Debug|Any CPU
		{2F38183E-7A29-4242-B535-A62ED599839C}.Debug|iPhoneSimulator.ActiveCfg = Debug|Any CPU
		{2F38183E-7A29-4242-B535-A62ED599839C}.Debug|iPhoneSimulator.Build.0 = Debug|Any CPU
		{2F38183E-7A29-4242-B535-A62ED599839C}.Release|iPhone.ActiveCfg = Release|Any CPU
		{2F38183E-7A29-4242-B535-A62ED599839C}.Release|iPhone.Build.0 = Release|Any CPU
		{2F38183E-7A29-4242-B535-A62ED599839C}.Release|iPhoneSimulator.ActiveCfg = Release|Any CPU
		{2F38183E-7A29-4242-B535-A62ED599839C}.Release|iPhoneSimulator.Build.0 = Release|Any CPU
		{2FEAB9B1-5741-4C72-A1E5-06C2BBC01516}.Ad-Hoc|iPhone.ActiveCfg = Release|Any CPU
		{2FEAB9B1-5741-4C72-A1E5-06C2BBC01516}.Ad-Hoc|iPhone.Build.0 = Release|Any CPU
		{2FEAB9B1-5741-4C72-A1E5-06C2BBC01516}.AppStore|iPhone.ActiveCfg = Release|Any CPU
		{2FEAB9B1-5741-4C72-A1E5-06C2BBC01516}.AppStore|iPhone.Build.0 = Release|Any CPU
		{2FEAB9B1-5741-4C72-A1E5-06C2BBC01516}.Debug|iPhone.ActiveCfg = Debug|Any CPU
		{2FEAB9B1-5741-4C72-A1E5-06C2BBC01516}.Debug|iPhone.Build.0 = Debug|Any CPU
		{2FEAB9B1-5741-4C72-A1E5-06C2BBC01516}.Debug|iPhoneSimulator.ActiveCfg = Debug|Any CPU
		{2FEAB9B1-5741-4C72-A1E5-06C2BBC01516}.Debug|iPhoneSimulator.Build.0 = Debug|Any CPU
		{2FEAB9B1-5741-4C72-A1E5-06C2BBC01516}.Release|iPhone.ActiveCfg = Release|Any CPU
		{2FEAB9B1-5741-4C72-A1E5-06C2BBC01516}.Release|iPhone.Build.0 = Release|Any CPU
		{2FEAB9B1-5741-4C72-A1E5-06C2BBC01516}.Release|iPhoneSimulator.ActiveCfg = Release|Any CPU
		{2FEAB9B1-5741-4C72-A1E5-06C2BBC01516}.Release|iPhoneSimulator.Build.0 = Release|Any CPU
	EndGlobalSection
EndGlobal
